# THIS IS AN AUTOGENERATED FILE. DO NOT EDIT THIS FILE DIRECTLY.
# yarn lockfile v1


material@^0.4.3:
  version "0.4.3"
  resolved "https://registry.yarnpkg.com/material/-/material-0.4.3.tgz#312d087fadf08210bd79dd3c36d0e0d51384d82d"
  integrity sha512-uZM0D1V6rNNuiKsKKEY+Tf+2i+9FDcl1+eW10Wlta34ILPW3IiLqEZTLNHzq7bVkQFQBMvG8rLl0gmdmwyknkw==
